
Microsoft Visual Studio Solution File, Format Version 12.00
# Visual Studio Version 17
VisualStudioVersion = 17.0.31903.59
MinimumVisualStudioVersion = 10.0.40219.1
Project("{2150E333-8FDC-42A3-9474-1A3956D46DE8}") = "src", "src", "{827E0CD3-B72D-47B6-A68D-7590B98EB39B}"
EndProject
Project("{FAE04EC0-301F-11D3-BF4B-00C04F79EFBC}") = "CodingSpace.API", "src\CodingSpace.API\CodingSpace.API.csproj", "{6825F79F-6FDF-49EA-AE5A-160F9BF98E6C}"
EndProject
Project("{FAE04EC0-301F-11D3-BF4B-00C04F79EFBC}") = "CodingSpace.Lab", "src\CodingSpace.Lab\CodingSpace.Lab.csproj", "{3D9ABD26-2FE9-4983-B793-AA401599C50F}"
EndProject
Project("{2150E333-8FDC-42A3-9474-1A3956D46DE8}") = "tests", "tests", "{0AB3BF05-4346-4AA6-1389-037BE0695223}"
EndProject
Project("{FAE04EC0-301F-11D3-BF4B-00C04F79EFBC}") = "CodingSpace.Lab.Tests", "tests\CodingSpace.Lab.Tests\CodingSpace.Lab.Tests.csproj", "{39E8A6B5-8181-40D3-AD66-C8FDEAC8256E}"
EndProject
Project("{2150E333-8FDC-42A3-9474-1A3956D46DE8}") = "BudgetTracker", "BudgetTracker", "{9CFA174C-2509-85F9-E9F2-8D1A4E1E662D}"
EndProject
Project("{FAE04EC0-301F-11D3-BF4B-00C04F79EFBC}") = "BudgetTracker.Contracts", "src\BudgetTracker\BudgetTracker.Contracts\BudgetTracker.Contracts.csproj", "{A9AE79EA-E40D-4177-8973-0F56DAA4BA17}"
EndProject
Project("{FAE04EC0-301F-11D3-BF4B-00C04F79EFBC}") = "BudgetTracker.Engines", "src\BudgetTracker\BudgetTracker.Engines\BudgetTracker.Engines.csproj", "{FAC12B64-90BE-4E6C-8167-17F50B4F74A5}"
EndProject
Project("{FAE04EC0-301F-11D3-BF4B-00C04F79EFBC}") = "BudgetTracker.Accessors", "src\BudgetTracker\BudgetTracker.Accessors\BudgetTracker.Accessors.csproj", "{E5367D95-7466-4133-B9EB-FBC641B86E57}"
EndProject
Project("{FAE04EC0-301F-11D3-BF4B-00C04F79EFBC}") = "BudgetTracker.Managers", "src\BudgetTracker\BudgetTracker.Managers\BudgetTracker.Managers.csproj", "{D7720C95-97CA-402F-A35F-3CC8661309D7}"
EndProject
Project("{FAE04EC0-301F-11D3-BF4B-00C04F79EFBC}") = "BudgetTracker.Utilities", "src\BudgetTracker\BudgetTracker.Utilities\BudgetTracker.Utilities.csproj", "{CF49810F-E5E9-47E7-81AB-033C44F9DF67}"
EndProject
Project("{FAE04EC0-301F-11D3-BF4B-00C04F79EFBC}") = "BudgetTracker.Client.API", "src\BudgetTracker\BudgetTracker.Client.API\BudgetTracker.Client.API.csproj", "{E41D7FB2-3B85-4A56-979D-064F9C4DFC95}"
EndProject
Project("{FAE04EC0-301F-11D3-BF4B-00C04F79EFBC}") = "BudgetTracker.Engines.Tests", "tests\BudgetTracker.Engines.Tests\BudgetTracker.Engines.Tests.csproj", "{4621525C-22C5-462C-9DD3-8D5E4519E65B}"
EndProject
Project("{FAE04EC0-301F-11D3-BF4B-00C04F79EFBC}") = "BudgetTracker.Managers.Tests", "tests\BudgetTracker.Managers.Tests\BudgetTracker.Managers.Tests.csproj", "{AF1BCBDF-515B-4AC9-914B-5DFA3D4FC442}"
EndProject
Global
	GlobalSection(SolutionConfigurationPlatforms) = preSolution
		Debug|Any CPU = Debug|Any CPU
		Debug|x64 = Debug|x64
		Debug|x86 = Debug|x86
		Release|Any CPU = Release|Any CPU
		Release|x64 = Release|x64
		Release|x86 = Release|x86
	EndGlobalSection
	GlobalSection(ProjectConfigurationPlatforms) = postSolution
		{6825F79F-6FDF-49EA-AE5A-160F9BF98E6C}.Debug|Any CPU.ActiveCfg = Debug|Any CPU
		{6825F79F-6FDF-49EA-AE5A-160F9BF98E6C}.Debug|Any CPU.Build.0 = Debug|Any CPU
		{6825F79F-6FDF-49EA-AE5A-160F9BF98E6C}.Debug|x64.ActiveCfg = Debug|Any CPU
		{6825F79F-6FDF-49EA-AE5A-160F9BF98E6C}.Debug|x64.Build.0 = Debug|Any CPU
		{6825F79F-6FDF-49EA-AE5A-160F9BF98E6C}.Debug|x86.ActiveCfg = Debug|Any CPU
		{6825F79F-6FDF-49EA-AE5A-160F9BF98E6C}.Debug|x86.Build.0 = Debug|Any CPU
		{6825F79F-6FDF-49EA-AE5A-160F9BF98E6C}.Release|Any CPU.ActiveCfg = Release|Any CPU
		{6825F79F-6FDF-49EA-AE5A-160F9BF98E6C}.Release|Any CPU.Build.0 = Release|Any CPU
		{6825F79F-6FDF-49EA-AE5A-160F9BF98E6C}.Release|x64.ActiveCfg = Release|Any CPU
		{6825F79F-6FDF-49EA-AE5A-160F9BF98E6C}.Release|x64.Build.0 = Release|Any CPU
		{6825F79F-6FDF-49EA-AE5A-160F9BF98E6C}.Release|x86.ActiveCfg = Release|Any CPU
		{6825F79F-6FDF-49EA-AE5A-160F9BF98E6C}.Release|x86.Build.0 = Release|Any CPU
		{3D9ABD26-2FE9-4983-B793-AA401599C50F}.Debug|Any CPU.ActiveCfg = Debug|Any CPU
		{3D9ABD26-2FE9-4983-B793-AA401599C50F}.Debug|Any CPU.Build.0 = Debug|Any CPU
		{3D9ABD26-2FE9-4983-B793-AA401599C50F}.Debug|x64.ActiveCfg = Debug|Any CPU
		{3D9ABD26-2FE9-4983-B793-AA401599C50F}.Debug|x64.Build.0 = Debug|Any CPU
		{3D9ABD26-2FE9-4983-B793-AA401599C50F}.Debug|x86.ActiveCfg = Debug|Any CPU
		{3D9ABD26-2FE9-4983-B793-AA401599C50F}.Debug|x86.Build.0 = Debug|Any CPU
		{3D9ABD26-2FE9-4983-B793-AA401599C50F}.Release|Any CPU.ActiveCfg = Release|Any CPU
		{3D9ABD26-2FE9-4983-B793-AA401599C50F}.Release|Any CPU.Build.0 = Release|Any CPU
		{3D9ABD26-2FE9-4983-B793-AA401599C50F}.Release|x64.ActiveCfg = Release|Any CPU
		{3D9ABD26-2FE9-4983-B793-AA401599C50F}.Release|x64.Build.0 = Release|Any CPU
		{3D9ABD26-2FE9-4983-B793-AA401599C50F}.Release|x86.ActiveCfg = Release|Any CPU
		{3D9ABD26-2FE9-4983-B793-AA401599C50F}.Release|x86.Build.0 = Release|Any CPU
		{39E8A6B5-8181-40D3-AD66-C8FDEAC8256E}.Debug|Any CPU.ActiveCfg = Debug|Any CPU
		{39E8A6B5-8181-40D3-AD66-C8FDEAC8256E}.Debug|Any CPU.Build.0 = Debug|Any CPU
		{39E8A6B5-8181-40D3-AD66-C8FDEAC8256E}.Debug|x64.ActiveCfg = Debug|Any CPU
		{39E8A6B5-8181-40D3-AD66-C8FDEAC8256E}.Debug|x64.Build.0 = Debug|Any CPU
		{39E8A6B5-8181-40D3-AD66-C8FDEAC8256E}.Debug|x86.ActiveCfg = Debug|Any CPU
		{39E8A6B5-8181-40D3-AD66-C8FDEAC8256E}.Debug|x86.Build.0 = Debug|Any CPU
		{39E8A6B5-8181-40D3-AD66-C8FDEAC8256E}.Release|Any CPU.ActiveCfg = Release|Any CPU
		{39E8A6B5-8181-40D3-AD66-C8FDEAC8256E}.Release|Any CPU.Build.0 = Release|Any CPU
		{39E8A6B5-8181-40D3-AD66-C8FDEAC8256E}.Release|x64.ActiveCfg = Release|Any CPU
		{39E8A6B5-8181-40D3-AD66-C8FDEAC8256E}.Release|x64.Build.0 = Release|Any CPU
		{39E8A6B5-8181-40D3-AD66-C8FDEAC8256E}.Release|x86.ActiveCfg = Release|Any CPU
		{39E8A6B5-8181-40D3-AD66-C8FDEAC8256E}.Release|x86.Build.0 = Release|Any CPU
		{A9AE79EA-E40D-4177-8973-0F56DAA4BA17}.Debug|Any CPU.ActiveCfg = Debug|Any CPU
		{A9AE79EA-E40D-4177-8973-0F56DAA4BA17}.Debug|Any CPU.Build.0 = Debug|Any CPU
		{A9AE79EA-E40D-4177-8973-0F56DAA4BA17}.Debug|x64.ActiveCfg = Debug|Any CPU
		{A9AE79EA-E40D-4177-8973-0F56DAA4BA17}.Debug|x64.Build.0 = Debug|Any CPU
		{A9AE79EA-E40D-4177-8973-0F56DAA4BA17}.Debug|x86.ActiveCfg = Debug|Any CPU
		{A9AE79EA-E40D-4177-8973-0F56DAA4BA17}.Debug|x86.Build.0 = Debug|Any CPU
		{A9AE79EA-E40D-4177-8973-0F56DAA4BA17}.Release|Any CPU.ActiveCfg = Release|Any CPU
		{A9AE79EA-E40D-4177-8973-0F56DAA4BA17}.Release|Any CPU.Build.0 = Release|Any CPU
		{A9AE79EA-E40D-4177-8973-0F56DAA4BA17}.Release|x64.ActiveCfg = Release|Any CPU
		{A9AE79EA-E40D-4177-8973-0F56DAA4BA17}.Release|x64.Build.0 = Release|Any CPU
		{A9AE79EA-E40D-4177-8973-0F56DAA4BA17}.Release|x86.ActiveCfg = Release|Any CPU
		{A9AE79EA-E40D-4177-8973-0F56DAA4BA17}.Release|x86.Build.0 = Release|Any CPU
		{FAC12B64-90BE-4E6C-8167-17F50B4F74A5}.Debug|Any CPU.ActiveCfg = Debug|Any CPU
		{FAC12B64-90BE-4E6C-8167-17F50B4F74A5}.Debug|Any CPU.Build.0 = Debug|Any CPU
		{FAC12B64-90BE-4E6C-8167-17F50B4F74A5}.Debug|x64.ActiveCfg = Debug|Any CPU
		{FAC12B64-90BE-4E6C-8167-17F50B4F74A5}.Debug|x64.Build.0 = Debug|Any CPU
		{FAC12B64-90BE-4E6C-8167-17F50B4F74A5}.Debug|x86.ActiveCfg = Debug|Any CPU
		{FAC12B64-90BE-4E6C-8167-17F50B4F74A5}.Debug|x86.Build.0 = Debug|Any CPU
		{FAC12B64-90BE-4E6C-8167-17F50B4F74A5}.Release|Any CPU.ActiveCfg = Release|Any CPU
		{FAC12B64-90BE-4E6C-8167-17F50B4F74A5}.Release|Any CPU.Build.0 = Release|Any CPU
		{FAC12B64-90BE-4E6C-8167-17F50B4F74A5}.Release|x64.ActiveCfg = Release|Any CPU
		{FAC12B64-90BE-4E6C-8167-17F50B4F74A5}.Release|x64.Build.0 = Release|Any CPU
		{FAC12B64-90BE-4E6C-8167-17F50B4F74A5}.Release|x86.ActiveCfg = Release|Any CPU
		{FAC12B64-90BE-4E6C-8167-17F50B4F74A5}.Release|x86.Build.0 = Release|Any CPU
		{E5367D95-7466-4133-B9EB-FBC641B86E57}.Debug|Any CPU.ActiveCfg = Debug|Any CPU
		{E5367D95-7466-4133-B9EB-FBC641B86E57}.Debug|Any CPU.Build.0 = Debug|Any CPU
		{E5367D95-7466-4133-B9EB-FBC641B86E57}.Debug|x64.ActiveCfg = Debug|Any CPU
		{E5367D95-7466-4133-B9EB-FBC641B86E57}.Debug|x64.Build.0 = Debug|Any CPU
		{E5367D95-7466-4133-B9EB-FBC641B86E57}.Debug|x86.ActiveCfg = Debug|Any CPU
		{E5367D95-7466-4133-B9EB-FBC641B86E57}.Debug|x86.Build.0 = Debug|Any CPU
		{E5367D95-7466-4133-B9EB-FBC641B86E57}.Release|Any CPU.ActiveCfg = Release|Any CPU
		{E5367D95-7466-4133-B9EB-FBC641B86E57}.Release|Any CPU.Build.0 = Release|Any CPU
		{E5367D95-7466-4133-B9EB-FBC641B86E57}.Release|x64.ActiveCfg = Release|Any CPU
		{E5367D95-7466-4133-B9EB-FBC641B86E57}.Release|x64.Build.0 = Release|Any CPU
		{E5367D95-7466-4133-B9EB-FBC641B86E57}.Release|x86.ActiveCfg = Release|Any CPU
		{E5367D95-7466-4133-B9EB-FBC641B86E57}.Release|x86.Build.0 = Release|Any CPU
		{D7720C95-97CA-402F-A35F-3CC8661309D7}.Debug|Any CPU.ActiveCfg = Debug|Any CPU
		{D7720C95-97CA-402F-A35F-3CC8661309D7}.Debug|Any CPU.Build.0 = Debug|Any CPU
		{D7720C95-97CA-402F-A35F-3CC8661309D7}.Debug|x64.ActiveCfg = Debug|Any CPU
		{D7720C95-97CA-402F-A35F-3CC8661309D7}.Debug|x64.Build.0 = Debug|Any CPU
		{D7720C95-97CA-402F-A35F-3CC8661309D7}.Debug|x86.ActiveCfg = Debug|Any CPU
		{D7720C95-97CA-402F-A35F-3CC8661309D7}.Debug|x86.Build.0 = Debug|Any CPU
		{D7720C95-97CA-402F-A35F-3CC8661309D7}.Release|Any CPU.ActiveCfg = Release|Any CPU
		{D7720C95-97CA-402F-A35F-3CC8661309D7}.Release|Any CPU.Build.0 = Release|Any CPU
		{D7720C95-97CA-402F-A35F-3CC8661309D7}.Release|x64.ActiveCfg = Release|Any CPU
		{D7720C95-97CA-402F-A35F-3CC8661309D7}.Release|x64.Build.0 = Release|Any CPU
		{D7720C95-97CA-402F-A35F-3CC8661309D7}.Release|x86.ActiveCfg = Release|Any CPU
		{D7720C95-97CA-402F-A35F-3CC8661309D7}.Release|x86.Build.0 = Release|Any CPU
		{CF49810F-E5E9-47E7-81AB-033C44F9DF67}.Debug|Any CPU.ActiveCfg = Debug|Any CPU
		{CF49810F-E5E9-47E7-81AB-033C44F9DF67}.Debug|Any CPU.Build.0 = Debug|Any CPU
		{CF49810F-E5E9-47E7-81AB-033C44F9DF67}.Debug|x64.ActiveCfg = Debug|Any CPU
		{CF49810F-E5E9-47E7-81AB-033C44F9DF67}.Debug|x64.Build.0 = Debug|Any CPU
		{CF49810F-E5E9-47E7-81AB-033C44F9DF67}.Debug|x86.ActiveCfg = Debug|Any CPU
		{CF49810F-E5E9-47E7-81AB-033C44F9DF67}.Debug|x86.Build.0 = Debug|Any CPU
		{CF49810F-E5E9-47E7-81AB-033C44F9DF67}.Release|Any CPU.ActiveCfg = Release|Any CPU
		{CF49810F-E5E9-47E7-81AB-033C44F9DF67}.Release|Any CPU.Build.0 = Release|Any CPU
		{CF49810F-E5E9-47E7-81AB-033C44F9DF67}.Release|x64.ActiveCfg = Release|Any CPU
		{CF49810F-E5E9-47E7-81AB-033C44F9DF67}.Release|x64.Build.0 = Release|Any CPU
		{CF49810F-E5E9-47E7-81AB-033C44F9DF67}.Release|x86.ActiveCfg = Release|Any CPU
		{CF49810F-E5E9-47E7-81AB-033C44F9DF67}.Release|x86.Build.0 = Release|Any CPU
		{E41D7FB2-3B85-4A56-979D-064F9C4DFC95}.Debug|Any CPU.ActiveCfg = Debug|Any CPU
		{E41D7FB2-3B85-4A56-979D-064F9C4DFC95}.Debug|Any CPU.Build.0 = Debug|Any CPU
		{E41D7FB2-3B85-4A56-979D-064F9C4DFC95}.Debug|x64.ActiveCfg = Debug|Any CPU
		{E41D7FB2-3B85-4A56-979D-064F9C4DFC95}.Debug|x64.Build.0 = Debug|Any CPU
		{E41D7FB2-3B85-4A56-979D-064F9C4DFC95}.Debug|x86.ActiveCfg = Debug|Any CPU
		{E41D7FB2-3B85-4A56-979D-064F9C4DFC95}.Debug|x86.Build.0 = Debug|Any CPU
		{E41D7FB2-3B85-4A56-979D-064F9C4DFC95}.Release|Any CPU.ActiveCfg = Release|Any CPU
		{E41D7FB2-3B85-4A56-979D-064F9C4DFC95}.Release|Any CPU.Build.0 = Release|Any CPU
		{E41D7FB2-3B85-4A56-979D-064F9C4DFC95}.Release|x64.ActiveCfg = Release|Any CPU
		{E41D7FB2-3B85-4A56-979D-064F9C4DFC95}.Release|x64.Build.0 = Release|Any CPU
		{E41D7FB2-3B85-4A56-979D-064F9C4DFC95}.Release|x86.ActiveCfg = Release|Any CPU
		{E41D7FB2-3B85-4A56-979D-064F9C4DFC95}.Release|x86.Build.0 = Release|Any CPU
		{4621525C-22C5-462C-9DD3-8D5E4519E65B}.Debug|Any CPU.ActiveCfg = Debug|Any CPU
		{4621525C-22C5-462C-9DD3-8D5E4519E65B}.Debug|Any CPU.Build.0 = Debug|Any CPU
		{4621525C-22C5-462C-9DD3-8D5E4519E65B}.Debug|x64.ActiveCfg = Debug|Any CPU
		{4621525C-22C5-462C-9DD3-8D5E4519E65B}.Debug|x64.Build.0 = Debug|Any CPU
		{4621525C-22C5-462C-9DD3-8D5E4519E65B}.Debug|x86.ActiveCfg = Debug|Any CPU
		{4621525C-22C5-462C-9DD3-8D5E4519E65B}.Debug|x86.Build.0 = Debug|Any CPU
		{4621525C-22C5-462C-9DD3-8D5E4519E65B}.Release|Any CPU.ActiveCfg = Release|Any CPU
		{4621525C-22C5-462C-9DD3-8D5E4519E65B}.Release|Any CPU.Build.0 = Release|Any CPU
		{4621525C-22C5-462C-9DD3-8D5E4519E65B}.Release|x64.ActiveCfg = Release|Any CPU
		{4621525C-22C5-462C-9DD3-8D5E4519E65B}.Release|x64.Build.0 = Release|Any CPU
		{4621525C-22C5-462C-9DD3-8D5E4519E65B}.Release|x86.ActiveCfg = Release|Any CPU
		{4621525C-22C5-462C-9DD3-8D5E4519E65B}.Release|x86.Build.0 = Release|Any CPU
		{AF1BCBDF-515B-4AC9-914B-5DFA3D4FC442}.Debug|Any CPU.ActiveCfg = Debug|Any CPU
		{AF1BCBDF-515B-4AC9-914B-5DFA3D4FC442}.Debug|Any CPU.Build.0 = Debug|Any CPU
		{AF1BCBDF-515B-4AC9-914B-5DFA3D4FC442}.Debug|x64.ActiveCfg = Debug|Any CPU
		{AF1BCBDF-515B-4AC9-914B-5DFA3D4FC442}.Debug|x64.Build.0 = Debug|Any CPU
		{AF1BCBDF-515B-4AC9-914B-5DFA3D4FC442}.Debug|x86.ActiveCfg = Debug|Any CPU
		{AF1BCBDF-515B-4AC9-914B-5DFA3D4FC442}.Debug|x86.Build.0 = Debug|Any CPU
		{AF1BCBDF-515B-4AC9-914B-5DFA3D4FC442}.Release|Any CPU.ActiveCfg = Release|Any CPU
		{AF1BCBDF-515B-4AC9-914B-5DFA3D4FC442}.Release|Any CPU.Build.0 = Release|Any CPU
		{AF1BCBDF-515B-4AC9-914B-5DFA3D4FC442}.Release|x64.ActiveCfg = Release|Any CPU
		{AF1BCBDF-515B-4AC9-914B-5DFA3D4FC442}.Release|x64.Build.0 = Release|Any CPU
		{AF1BCBDF-515B-4AC9-914B-5DFA3D4FC442}.Release|x86.ActiveCfg = Release|Any CPU
		{AF1BCBDF-515B-4AC9-914B-5DFA3D4FC442}.Release|x86.Build.0 = Release|Any CPU
	EndGlobalSection
	GlobalSection(SolutionProperties) = preSolution
		HideSolutionNode = FALSE
	EndGlobalSection
	GlobalSection(NestedProjects) = preSolution
		{6825F79F-6FDF-49EA-AE5A-160F9BF98E6C} = {827E0CD3-B72D-47B6-A68D-7590B98EB39B}
		{3D9ABD26-2FE9-4983-B793-AA401599C50F} = {827E0CD3-B72D-47B6-A68D-7590B98EB39B}
		{9CFA174C-2509-85F9-E9F2-8D1A4E1E662D} = {827E0CD3-B72D-47B6-A68D-7590B98EB39B}
		{A9AE79EA-E40D-4177-8973-0F56DAA4BA17} = {9CFA174C-2509-85F9-E9F2-8D1A4E1E662D}
		{FAC12B64-90BE-4E6C-8167-17F50B4F74A5} = {9CFA174C-2509-85F9-E9F2-8D1A4E1E662D}
		{E5367D95-7466-4133-B9EB-FBC641B86E57} = {9CFA174C-2509-85F9-E9F2-8D1A4E1E662D}
		{D7720C95-97CA-402F-A35F-3CC8661309D7} = {9CFA174C-2509-85F9-E9F2-8D1A4E1E662D}
		{CF49810F-E5E9-47E7-81AB-033C44F9DF67} = {9CFA174C-2509-85F9-E9F2-8D1A4E1E662D}
		{E41D7FB2-3B85-4A56-979D-064F9C4DFC95} = {9CFA174C-2509-85F9-E9F2-8D1A4E1E662D}
		{4621525C-22C5-462C-9DD3-8D5E4519E65B} = {0AB3BF05-4346-4AA6-1389-037BE0695223}
		{AF1BCBDF-515B-4AC9-914B-5DFA3D4FC442} = {0AB3BF05-4346-4AA6-1389-037BE0695223}
	EndGlobalSection
EndGlobal
